
Microsoft Visual Studio Solution File, Format Version 12.00
# Visual Studio Version 17
VisualStudioVersion = 17.2.32616.157
MinimumVisualStudioVersion = 10.0.40219.1
Project("{9A19103F-16F7-4668-BE54-9A1E7A4F7556}") = "sorted_binary_node1", "sorted_binary_node1.csproj", "{B022F32F-467B-478F-B3EF-E2DBD0A79725}"
EndProject
Global
	GlobalSection(SolutionConfigurationPlatforms) = preSolution
		Debug|Any CPU = Debug|Any CPU
		Release|Any CPU = Release|Any CPU
	EndGlobalSection
	GlobalSection(ProjectConfigurationPlatforms) = postSolution
		{B022F32F-467B-478F-B3EF-E2DBD0A79725}.Debug|Any CPU.ActiveCfg = Debug|Any CPU
		{B022F32F-467B-478F-B3EF-E2DBD0A79725}.Debug|Any CPU.Build.0 = Debug|Any CPU
		{B022F32F-467B-478F-B3EF-E2DBD0A79725}.Release|Any CPU.ActiveCfg = Release|Any CPU
		{B022F32F-467B-478F-B3EF-E2DBD0A79725}.Release|Any CPU.Build.0 = Release|Any CPU
	EndGlobalSection
	GlobalSection(SolutionProperties) = preSolution
		HideSolutionNode = FALSE
	EndGlobalSection
	GlobalSection(ExtensibilityGlobals) = postSolution
		SolutionGuid = {41965B70-3F1C-4B0C-B003-C51BAFF924CB}
	EndGlobalSection
EndGlobal
