
Microsoft Visual Studio Solution File, Format Version 12.00
# Visual Studio Version 17
VisualStudioVersion = 17.2.32616.157
MinimumVisualStudioVersion = 10.0.40219.1
Project("{9A19103F-16F7-4668-BE54-9A1E7A4F7556}") = "nary_node1", "nary_node1.csproj", "{DEAFFAD4-0B71-4E65-891B-4A878E55DDE7}"
EndProject
Global
	GlobalSection(SolutionConfigurationPlatforms) = preSolution
		Debug|Any CPU = Debug|Any CPU
		Release|Any CPU = Release|Any CPU
	EndGlobalSection
	GlobalSection(ProjectConfigurationPlatforms) = postSolution
		{DEAFFAD4-0B71-4E65-891B-4A878E55DDE7}.Debug|Any CPU.ActiveCfg = Debug|Any CPU
		{DEAFFAD4-0B71-4E65-891B-4A878E55DDE7}.Debug|Any CPU.Build.0 = Debug|Any CPU
		{DEAFFAD4-0B71-4E65-891B-4A878E55DDE7}.Release|Any CPU.ActiveCfg = Release|Any CPU
		{DEAFFAD4-0B71-4E65-891B-4A878E55DDE7}.Release|Any CPU.Build.0 = Release|Any CPU
	EndGlobalSection
	GlobalSection(SolutionProperties) = preSolution
		HideSolutionNode = FALSE
	EndGlobalSection
	GlobalSection(ExtensibilityGlobals) = postSolution
		SolutionGuid = {D86AE1B6-B515-4760-857E-B5632532535D}
	EndGlobalSection
EndGlobal
