
Microsoft Visual Studio Solution File, Format Version 12.00
# Visual Studio Version 17
VisualStudioVersion = 17.2.32616.157
MinimumVisualStudioVersion = 10.0.40219.1
Project("{9A19103F-16F7-4668-BE54-9A1E7A4F7556}") = "binary_node5", "binary_node5.csproj", "{E21B9BDD-E168-41A9-BE73-DA129488DCCA}"
EndProject
Global
	GlobalSection(SolutionConfigurationPlatforms) = preSolution
		Debug|Any CPU = Debug|Any CPU
		Release|Any CPU = Release|Any CPU
	EndGlobalSection
	GlobalSection(ProjectConfigurationPlatforms) = postSolution
		{E21B9BDD-E168-41A9-BE73-DA129488DCCA}.Debug|Any CPU.ActiveCfg = Debug|Any CPU
		{E21B9BDD-E168-41A9-BE73-DA129488DCCA}.Debug|Any CPU.Build.0 = Debug|Any CPU
		{E21B9BDD-E168-41A9-BE73-DA129488DCCA}.Release|Any CPU.ActiveCfg = Release|Any CPU
		{E21B9BDD-E168-41A9-BE73-DA129488DCCA}.Release|Any CPU.Build.0 = Release|Any CPU
	EndGlobalSection
	GlobalSection(SolutionProperties) = preSolution
		HideSolutionNode = FALSE
	EndGlobalSection
	GlobalSection(ExtensibilityGlobals) = postSolution
		SolutionGuid = {C29CC931-8A9D-47DE-B5B5-E5CDD07D42FD}
	EndGlobalSection
EndGlobal
